
Microsoft Visual Studio Solution File, Format Version 12.00
# Visual Studio 15
VisualStudioVersion = 15.0.28307.1705
MinimumVisualStudioVersion = 10.0.40219.1
Project("{FAE04EC0-301F-11D3-BF4B-00C04F79EFBC}") = "prog12", "prog12\prog12.csproj", "{B2DE62CA-3950-4CC4-8B47-ED905745D23F}"
EndProject
Global
	GlobalSection(SolutionConfigurationPlatforms) = preSolution
		Debug|Any CPU = Debug|Any CPU
		Release|Any CPU = Release|Any CPU
	EndGlobalSection
	GlobalSection(ProjectConfigurationPlatforms) = postSolution
		{B2DE62CA-3950-4CC4-8B47-ED905745D23F}.Debug|Any CPU.ActiveCfg = Debug|Any CPU
		{B2DE62CA-3950-4CC4-8B47-ED905745D23F}.Debug|Any CPU.Build.0 = Debug|Any CPU
		{B2DE62CA-3950-4CC4-8B47-ED905745D23F}.Release|Any CPU.ActiveCfg = Release|Any CPU
		{B2DE62CA-3950-4CC4-8B47-ED905745D23F}.Release|Any CPU.Build.0 = Release|Any CPU
	EndGlobalSection
	GlobalSection(SolutionProperties) = preSolution
		HideSolutionNode = FALSE
	EndGlobalSection
	GlobalSection(ExtensibilityGlobals) = postSolution
		SolutionGuid = {BD9BCF45-F658-43E4-B943-3FF195577500}
	EndGlobalSection
EndGlobal
